
Microsoft Visual Studio Solution File, Format Version 12.00
# Visual Studio Version 17
VisualStudioVersion = 17.7.34202.233
MinimumVisualStudioVersion = 10.0.40219.1
Project("{9A19103F-16F7-4668-BE54-9A1E7A4F7556}") = "BlobTriggerFunction", "BlobTriggerFunction\BlobTriggerFunction.csproj", "{FE3822F2-9873-46B3-9D9E-9ECE177E55BD}"
EndProject
Project("{FAE04EC0-301F-11D3-BF4B-00C04F79EFBC}") = "BlobTriggerFunction.Tests", "BlobTriggerFunction.Tests\BlobTriggerFunction.Tests.csproj", "{A1FDC50C-C06C-4631-A4C1-E52D76BB492F}"
EndProject
Global
	GlobalSection(SolutionConfigurationPlatforms) = preSolution
		Debug|Any CPU = Debug|Any CPU
		Release|Any CPU = Release|Any CPU
	EndGlobalSection
	GlobalSection(ProjectConfigurationPlatforms) = postSolution
		{FE3822F2-9873-46B3-9D9E-9ECE177E55BD}.Debug|Any CPU.ActiveCfg = Debug|Any CPU
		{FE3822F2-9873-46B3-9D9E-9ECE177E55BD}.Debug|Any CPU.Build.0 = Debug|Any CPU
		{FE3822F2-9873-46B3-9D9E-9ECE177E55BD}.Release|Any CPU.ActiveCfg = Release|Any CPU
		{FE3822F2-9873-46B3-9D9E-9ECE177E55BD}.Release|Any CPU.Build.0 = Release|Any CPU
		{A1FDC50C-C06C-4631-A4C1-E52D76BB492F}.Debug|Any CPU.ActiveCfg = Debug|Any CPU
		{A1FDC50C-C06C-4631-A4C1-E52D76BB492F}.Debug|Any CPU.Build.0 = Debug|Any CPU
		{A1FDC50C-C06C-4631-A4C1-E52D76BB492F}.Release|Any CPU.ActiveCfg = Release|Any CPU
		{A1FDC50C-C06C-4631-A4C1-E52D76BB492F}.Release|Any CPU.Build.0 = Release|Any CPU
	EndGlobalSection
	GlobalSection(SolutionProperties) = preSolution
		HideSolutionNode = FALSE
	EndGlobalSection
	GlobalSection(ExtensibilityGlobals) = postSolution
		SolutionGuid = {C2F6EEB8-9C32-4A27-923A-446C61A2985A}
	EndGlobalSection
EndGlobal
